
Microsoft Visual Studio Solution File, Format Version 12.00
# Visual Studio Version 16
VisualStudioVersion = 16.0.30907.101
MinimumVisualStudioVersion = 10.0.40219.1
Project("{FAE04EC0-301F-11D3-BF4B-00C04F79EFBC}") = "Parcial 1", "Parcial 1\Parcial 1.csproj", "{A45FE425-C1F8-4570-A6C5-CA7A8B41FAF8}"
EndProject
Global
	GlobalSection(SolutionConfigurationPlatforms) = preSolution
		Debug|Any CPU = Debug|Any CPU
		Release|Any CPU = Release|Any CPU
	EndGlobalSection
	GlobalSection(ProjectConfigurationPlatforms) = postSolution
		{A45FE425-C1F8-4570-A6C5-CA7A8B41FAF8}.Debug|Any CPU.ActiveCfg = Debug|Any CPU
		{A45FE425-C1F8-4570-A6C5-CA7A8B41FAF8}.Debug|Any CPU.Build.0 = Debug|Any CPU
		{A45FE425-C1F8-4570-A6C5-CA7A8B41FAF8}.Release|Any CPU.ActiveCfg = Release|Any CPU
		{A45FE425-C1F8-4570-A6C5-CA7A8B41FAF8}.Release|Any CPU.Build.0 = Release|Any CPU
	EndGlobalSection
	GlobalSection(SolutionProperties) = preSolution
		HideSolutionNode = FALSE
	EndGlobalSection
	GlobalSection(ExtensibilityGlobals) = postSolution
		SolutionGuid = {18CAFA12-F1D3-4CF5-8B43-518BCF13DB22}
	EndGlobalSection
EndGlobal
